
Microsoft Visual Studio Solution File, Format Version 12.00
# Visual Studio 15
Project("{FAE04EC0-301F-11D3-BF4B-00C04F79EFBC}") = "PhotonUnityNetworking.Demos", "PhotonUnityNetworking.Demos.csproj", "{EE7F6E22-2093-216D-6684-114C5FDDD2FF}"
EndProject
Project("{FAE04EC0-301F-11D3-BF4B-00C04F79EFBC}") = "PhotonUnityNetworking.Utilities", "PhotonUnityNetworking.Utilities.csproj", "{1A0C4423-928B-B4C3-FAB4-C2EF242F36AF}"
EndProject
Project("{FAE04EC0-301F-11D3-BF4B-00C04F79EFBC}") = "PhotonChat", "PhotonChat.csproj", "{EFD6756F-7A82-161A-F71F-E40EDB66B5C7}"
EndProject
Project("{FAE04EC0-301F-11D3-BF4B-00C04F79EFBC}") = "PhotonUnityNetworking", "PhotonUnityNetworking.csproj", "{CC4B18FB-E443-DF99-82CB-40E0549CD82E}"
EndProject
Project("{FAE04EC0-301F-11D3-BF4B-00C04F79EFBC}") = "Assembly-CSharp", "Assembly-CSharp.csproj", "{5401D12E-94AD-6DDC-138B-81A5CA12FEF0}"
EndProject
Project("{FAE04EC0-301F-11D3-BF4B-00C04F79EFBC}") = "PhotonRealtime", "PhotonRealtime.csproj", "{8011F583-0A11-5BC2-F017-CD9296C3D7C5}"
EndProject
Project("{FAE04EC0-301F-11D3-BF4B-00C04F79EFBC}") = "PhotonWebSocket", "PhotonWebSocket.csproj", "{C11114C3-389A-AA40-A54C-E2D1D450648C}"
EndProject
Project("{FAE04EC0-301F-11D3-BF4B-00C04F79EFBC}") = "PhotonUnityNetworking.Editor", "PhotonUnityNetworking.Editor.csproj", "{A4CA9746-44BB-6032-C36B-DFE1C89C4A19}"
EndProject
Project("{FAE04EC0-301F-11D3-BF4B-00C04F79EFBC}") = "PunDemos.DemoHubEditor", "PunDemos.DemoHubEditor.csproj", "{6D59A96C-6F79-070D-1626-D72A053B6671}"
EndProject
Project("{FAE04EC0-301F-11D3-BF4B-00C04F79EFBC}") = "PhotonUnityNetworking.Utilities.PhotonPlayer.Editor", "PhotonUnityNetworking.Utilities.PhotonPlayer.Editor.csproj", "{D7B0A9B6-198D-E253-1A08-41FD71254B90}"
EndProject
Project("{FAE04EC0-301F-11D3-BF4B-00C04F79EFBC}") = "PhotonUnityNetworking.Utilities.Culling.Editor", "PhotonUnityNetworking.Utilities.Culling.Editor.csproj", "{96CDD960-106F-0968-D642-A1CD1773C676}"
EndProject
Project("{FAE04EC0-301F-11D3-BF4B-00C04F79EFBC}") = "PunDemos.DemoSlotcarEditor", "PunDemos.DemoSlotcarEditor.csproj", "{B795567C-2D6E-F51E-1589-EC284A229D76}"
EndProject
Global
	GlobalSection(SolutionConfigurationPlatforms) = preSolution
		Debug|Any CPU = Debug|Any CPU
		Release|Any CPU = Release|Any CPU
	EndGlobalSection
	GlobalSection(ProjectConfigurationPlatforms) = postSolution
		{EE7F6E22-2093-216D-6684-114C5FDDD2FF}.Debug|Any CPU.ActiveCfg = Debug|Any CPU
		{EE7F6E22-2093-216D-6684-114C5FDDD2FF}.Debug|Any CPU.Build.0 = Debug|Any CPU
		{EE7F6E22-2093-216D-6684-114C5FDDD2FF}.Release|Any CPU.ActiveCfg = Release|Any CPU
		{EE7F6E22-2093-216D-6684-114C5FDDD2FF}.Release|Any CPU.Build.0 = Release|Any CPU
		{1A0C4423-928B-B4C3-FAB4-C2EF242F36AF}.Debug|Any CPU.ActiveCfg = Debug|Any CPU
		{1A0C4423-928B-B4C3-FAB4-C2EF242F36AF}.Debug|Any CPU.Build.0 = Debug|Any CPU
		{1A0C4423-928B-B4C3-FAB4-C2EF242F36AF}.Release|Any CPU.ActiveCfg = Release|Any CPU
		{1A0C4423-928B-B4C3-FAB4-C2EF242F36AF}.Release|Any CPU.Build.0 = Release|Any CPU
		{EFD6756F-7A82-161A-F71F-E40EDB66B5C7}.Debug|Any CPU.ActiveCfg = Debug|Any CPU
		{EFD6756F-7A82-161A-F71F-E40EDB66B5C7}.Debug|Any CPU.Build.0 = Debug|Any CPU
		{EFD6756F-7A82-161A-F71F-E40EDB66B5C7}.Release|Any CPU.ActiveCfg = Release|Any CPU
		{EFD6756F-7A82-161A-F71F-E40EDB66B5C7}.Release|Any CPU.Build.0 = Release|Any CPU
		{CC4B18FB-E443-DF99-82CB-40E0549CD82E}.Debug|Any CPU.ActiveCfg = Debug|Any CPU
		{CC4B18FB-E443-DF99-82CB-40E0549CD82E}.Debug|Any CPU.Build.0 = Debug|Any CPU
		{CC4B18FB-E443-DF99-82CB-40E0549CD82E}.Release|Any CPU.ActiveCfg = Release|Any CPU
		{CC4B18FB-E443-DF99-82CB-40E0549CD82E}.Release|Any CPU.Build.0 = Release|Any CPU
		{5401D12E-94AD-6DDC-138B-81A5CA12FEF0}.Debug|Any CPU.ActiveCfg = Debug|Any CPU
		{5401D12E-94AD-6DDC-138B-81A5CA12FEF0}.Debug|Any CPU.Build.0 = Debug|Any CPU
		{5401D12E-94AD-6DDC-138B-81A5CA12FEF0}.Release|Any CPU.ActiveCfg = Release|Any CPU
		{5401D12E-94AD-6DDC-138B-81A5CA12FEF0}.Release|Any CPU.Build.0 = Release|Any CPU
		{8011F583-0A11-5BC2-F017-CD9296C3D7C5}.Debug|Any CPU.ActiveCfg = Debug|Any CPU
		{8011F583-0A11-5BC2-F017-CD9296C3D7C5}.Debug|Any CPU.Build.0 = Debug|Any CPU
		{8011F583-0A11-5BC2-F017-CD9296C3D7C5}.Release|Any CPU.ActiveCfg = Release|Any CPU
		{8011F583-0A11-5BC2-F017-CD9296C3D7C5}.Release|Any CPU.Build.0 = Release|Any CPU
		{C11114C3-389A-AA40-A54C-E2D1D450648C}.Debug|Any CPU.ActiveCfg = Debug|Any CPU
		{C11114C3-389A-AA40-A54C-E2D1D450648C}.Debug|Any CPU.Build.0 = Debug|Any CPU
		{C11114C3-389A-AA40-A54C-E2D1D450648C}.Release|Any CPU.ActiveCfg = Release|Any CPU
		{C11114C3-389A-AA40-A54C-E2D1D450648C}.Release|Any CPU.Build.0 = Release|Any CPU
		{A4CA9746-44BB-6032-C36B-DFE1C89C4A19}.Debug|Any CPU.ActiveCfg = Debug|Any CPU
		{A4CA9746-44BB-6032-C36B-DFE1C89C4A19}.Debug|Any CPU.Build.0 = Debug|Any CPU
		{A4CA9746-44BB-6032-C36B-DFE1C89C4A19}.Release|Any CPU.ActiveCfg = Release|Any CPU
		{A4CA9746-44BB-6032-C36B-DFE1C89C4A19}.Release|Any CPU.Build.0 = Release|Any CPU
		{6D59A96C-6F79-070D-1626-D72A053B6671}.Debug|Any CPU.ActiveCfg = Debug|Any CPU
		{6D59A96C-6F79-070D-1626-D72A053B6671}.Debug|Any CPU.Build.0 = Debug|Any CPU
		{6D59A96C-6F79-070D-1626-D72A053B6671}.Release|Any CPU.ActiveCfg = Release|Any CPU
		{6D59A96C-6F79-070D-1626-D72A053B6671}.Release|Any CPU.Build.0 = Release|Any CPU
		{D7B0A9B6-198D-E253-1A08-41FD71254B90}.Debug|Any CPU.ActiveCfg = Debug|Any CPU
		{D7B0A9B6-198D-E253-1A08-41FD71254B90}.Debug|Any CPU.Build.0 = Debug|Any CPU
		{D7B0A9B6-198D-E253-1A08-41FD71254B90}.Release|Any CPU.ActiveCfg = Release|Any CPU
		{D7B0A9B6-198D-E253-1A08-41FD71254B90}.Release|Any CPU.Build.0 = Release|Any CPU
		{96CDD960-106F-0968-D642-A1CD1773C676}.Debug|Any CPU.ActiveCfg = Debug|Any CPU
		{96CDD960-106F-0968-D642-A1CD1773C676}.Debug|Any CPU.Build.0 = Debug|Any CPU
		{96CDD960-106F-0968-D642-A1CD1773C676}.Release|Any CPU.ActiveCfg = Release|Any CPU
		{96CDD960-106F-0968-D642-A1CD1773C676}.Release|Any CPU.Build.0 = Release|Any CPU
		{B795567C-2D6E-F51E-1589-EC284A229D76}.Debug|Any CPU.ActiveCfg = Debug|Any CPU
		{B795567C-2D6E-F51E-1589-EC284A229D76}.Debug|Any CPU.Build.0 = Debug|Any CPU
		{B795567C-2D6E-F51E-1589-EC284A229D76}.Release|Any CPU.ActiveCfg = Release|Any CPU
		{B795567C-2D6E-F51E-1589-EC284A229D76}.Release|Any CPU.Build.0 = Release|Any CPU
	EndGlobalSection
	GlobalSection(SolutionProperties) = preSolution
		HideSolutionNode = FALSE
	EndGlobalSection
	GlobalSection(MonoDevelopProperties) = preSolution
		StartupItem = Assembly-CSharp.csproj
	EndGlobalSection
EndGlobal
